// !$*UTF8*$!
{
	archiveVersion = 1;
	classes = {
	};
	objectVersion = 46;
	objects = {

/* Begin PBXBuildFile section */
		F6A119491C685D7C005A1336 /* AppDelegate.swift in Sources */ = {isa = PBXBuildFile; fileRef = F6A119481C685D7C005A1336 /* AppDelegate.swift */; };
		F6A1194B1C685D7C005A1336 /* ViewController.swift in Sources */ = {isa = PBXBuildFile; fileRef = F6A1194A1C685D7C005A1336 /* ViewController.swift */; };
		F6A1194E1C685D7D005A1336 /* Main.storyboard in Resources */ = {isa = PBXBuildFile; fileRef = F6A1194C1C685D7D005A1336 /* Main.storyboard */; };
		F6A119501C685D7D005A1336 /* Images.xcassets in Resources */ = {isa = PBXBuildFile; fileRef = F6A1194F1C685D7D005A1336 /* Images.xcassets */; };
		F6A119531C685D7D005A1336 /* LaunchScreen.xib in Resources */ = {isa = PBXBuildFile; fileRef = F6A119511C685D7D005A1336 /* LaunchScreen.xib */; };
		F6A1195F1C685D7E005A1336 /* TareaTests.swift in Sources */ = {isa = PBXBuildFile; fileRef = F6A1195E1C685D7E005A1336 /* TareaTests.swift */; };
/* End PBXBuildFile section */

/* Begin PBXContainerItemProxy section */
		F6A119591C685D7D005A1336 /* PBXContainerItemProxy */ = {
			isa = PBXContainerItemProxy;
			containerPortal = F6A1193B1C685D77005A1336 /* Project object */;
			proxyType = 1;
			remoteGlobalIDString = F6A119421C685D79005A1336;
			remoteInfo = Tarea;
		};
/* End PBXContainerItemProxy section */

/* Begin PBXFileReference section */
		F6A119431C685D7C005A1336 /* Tarea.app */ = {isa = PBXFileReference; explicitFileType = wrapper.application; includeInIndex = 0; path = Tarea.app; sourceTree = BUILT_PRODUCTS_DIR; };
		F6A119471C685D7C005A1336 /* Info.plist */ = {isa = PBXFileReference; lastKnownFileType = text.plist.xml; path = Info.plist; sourceTree = "<group>"; };
		F6A119481C685D7C005A1336 /* AppDelegate.swift */ = {isa = PBXFileReference; lastKnownFileType = sourcecode.swift; path = AppDelegate.swift; sourceTree = "<group>"; };
		F6A1194A1C685D7C005A1336 /* ViewController.swift */ = {isa = PBXFileReference; lastKnownFileType = sourcecode.swift; path = ViewController.swift; sourceTree = "<group>"; };
		F6A1194D1C685D7D005A1336 /* Base */ = {isa = PBXFileReference; lastKnownFileType = file.storyboard; name = Base; path = Base.lproj/Main.storyboard; sourceTree = "<group>"; };
		F6A1194F1C685D7D005A1336 /* Images.xcassets */ = {isa = PBXFileReference; lastKnownFileType = folder.assetcatalog; path = Images.xcassets; sourceTree = "<group>"; };
		F6A119521C685D7D005A1336 /* Base */ = {isa = PBXFileReference; lastKnownFileType = file.xib; name = Base; path = Base.lproj/LaunchScreen.xib; sourceTree = "<group>"; };
		F6A119581C685D7D005A1336 /* TareaTests.xctest */ = {isa = PBXFileReference; explicitFileType = wrapper.cfbundle; includeInIndex = 0; path = TareaTests.xctest; sourceTree = BUILT_PRODUCTS_DIR; };
		F6A1195D1C685D7E005A1336 /* Info.plist */ = {isa = PBXFileReference; lastKnownFileType = text.plist.xml; path = Info.plist; sourceTree = "<group>"; };
		F6A1195E1C685D7E005A1336 /* TareaTests.swift */ = {isa = PBXFileReference; lastKnownFileType = sourcecode.swift; path = TareaTests.swift; sourceTree = "<group>"; };
/* End PBXFileReference section */

/* Begin PBXFrameworksBuildPhase section */
		F6A119401C685D79005A1336 /* Frameworks */ = {
			isa = PBXFrameworksBuildPhase;
			buildActionMask = 2147483647;
			files = (
			);
			runOnlyForDeploymentPostprocessing = 0;
		};
		F6A119551C685D7D005A1336 /* Frameworks */ = {
			isa = PBXFrameworksBuildPhase;
			buildActionMask = 2147483647;
			files = (
			);
			runOnlyForDeploymentPostprocessing = 0;
		};
/* End PBXFrameworksBuildPhase section */

/* Begin PBXGroup section */
		F6A1193A1C685D77005A1336 = {
			isa = PBXGroup;
			children = (
				F6A119451C685D7C005A1336 /* Tarea */,
				F6A1195B1C685D7D005A1336 /* TareaTests */,
				F6A119441C685D7C005A1336 /* Products */,
			);
			sourceTree = "<group>";
		};
		F6A119441C685D7C005A1336 /* Products */ = {
			isa = PBXGroup;
			children = (
				F6A119431C685D7C005A1336 /* Tarea.app */,
				F6A119581C685D7D005A1336 /* TareaTests.xctest */,
			);
			name = Products;
			sourceTree = "<group>";
		};
		F6A119451C685D7C005A1336 /* Tarea */ = {
			isa = PBXGroup;
			children = (
				F6A119481C685D7C005A1336 /* AppDelegate.swift */,
				F6A1194A1C685D7C005A1336 /* ViewController.swift */,
				F6A1194C1C685D7D005A1336 /* Main.storyboard */,
				F6A1194F1C685D7D005A1336 /* Images.xcassets */,
				F6A119511C685D7D005A1336 /* LaunchScreen.xib */,
				F6A119461C685D7C005A1336 /* Supporting Files */,
			);
			path = Tarea;
			sourceTree = "<group>";
		};
		F6A119461C685D7C005A1336 /* Supporting Files */ = {
			isa = PBXGroup;
			children = (
				F6A119471C685D7C005A1336 /* Info.plist */,
			);
			name = "Supporting Files";
			sourceTree = "<group>";
		};
		F6A1195B1C685D7D005A1336 /* TareaTests */ = {
			isa = PBXGroup;
			children = (
				F6A1195E1C685D7E005A1336 /* TareaTests.swift */,
				F6A1195C1C685D7E005A1336 /* Supporting Files */,
			);
			path = TareaTests;
			sourceTree = "<group>";
		};
		F6A1195C1C685D7E005A1336 /* Supporting Files */ = {
			isa = PBXGroup;
			children = (
				F6A1195D1C685D7E005A1336 /* Info.plist */,
			);
			name = "Supporting Files";
			sourceTree = "<group>";
		};
/* End PBXGroup section */

/* Begin PBXNativeTarget section */
		F6A119421C685D79005A1336 /* Tarea */ = {
			isa = PBXNativeTarget;
			buildConfigurationList = F6A119621C685D7E005A1336 /* Build configuration list for PBXNativeTarget "Tarea" */;
			buildPhases = (
				F6A1193F1C685D79005A1336 /* Sources */,
				F6A119401C685D79005A1336 /* Frameworks */,
				F6A119411C685D79005A1336 /* Resources */,
			);
			buildRules = (
			);
			dependencies = (
			);
			name = Tarea;
			productName = Tarea;
			productReference = F6A119431C685D7C005A1336 /* Tarea.app */;
			productType = "com.apple.product-type.application";
		};
		F6A119571C685D7D005A1336 /* TareaTests */ = {
			isa = PBXNativeTarget;
			buildConfigurationList = F6A119651C685D7E005A1336 /* Build configuration list for PBXNativeTarget "TareaTests" */;
			buildPhases = (
				F6A119541C685D7D005A1336 /* Sources */,
				F6A119551C685D7D005A1336 /* Frameworks */,
				F6A119561C685D7D005A1336 /* Resources */,
			);
			buildRules = (
			);
			dependencies = (
				F6A1195A1C685D7D005A1336 /* PBXTargetDependency */,
			);
			name = TareaTests;
			productName = TareaTests;
			productReference = F6A119581C685D7D005A1336 /* TareaTests.xctest */;
			productType = "com.apple.product-type.bundle.unit-test";
		};
/* End PBXNativeTarget section */

/* Begin PBXProject section */
		F6A1193B1C685D77005A1336 /* Project object */ = {
			isa = PBXProject;
			attributes = {
				LastUpgradeCheck = 0640;
				ORGANIZATIONNAME = LuisDaniel;
				TargetAttributes = {
					F6A119421C685D79005A1336 = {
						CreatedOnToolsVersion = 6.4;
					};
					F6A119571C685D7D005A1336 = {
						CreatedOnToolsVersion = 6.4;
						TestTargetID = F6A119421C685D79005A1336;
					};
				};
			};
			buildConfigurationList = F6A1193E1C685D77005A1336 /* Build configuration list for PBXProject "Tarea" */;
			compatibilityVersion = "Xcode 3.2";
			developmentRegion = English;
			hasScannedForEncodings = 0;
			knownRegions = (
				en,
				Base,
			);
			mainGroup = F6A1193A1C685D77005A1336;
			productRefGroup = F6A119441C685D7C005A1336 /* Products */;
			projectDirPath = "";
			projectRoot = "";
			targets = (
				F6A119421C685D79005A1336 /* Tarea */,
				F6A119571C685D7D005A1336 /* TareaTests */,
			);
		};
/* End PBXProject section */

/* Begin PBXResourcesBuildPhase section */
		F6A119411C685D79005A1336 /* Resources */ = {
			isa = PBXResourcesBuildPhase;
			buildActionMask = 2147483647;
			files = (
				F6A1194E1C685D7D005A1336 /* Main.storyboard in Resources */,
				F6A119531C685D7D005A1336 /* LaunchScreen.xib in Resources */,
				F6A119501C685D7D005A1336 /* Images.xcassets in Resources */,
			);
			runOnlyForDeploymentPostprocessing = 0;
		};
		F6A119561C685D7D005A1336 /* Resources */ = {
			isa = PBXResourcesBuildPhase;
			buildActionMask = 2147483647;
			files = (
			);
			runOnlyForDeploymentPostprocessing = 0;
		};
/* End PBXResourcesBuildPhase section */

/* Begin PBXSourcesBuildPhase section */
		F6A1193F1C685D79005A1336 /* Sources */ = {
			isa = PBXSourcesBuildPhase;
			buildActionMask = 2147483647;
			files = (
				F6A1194B1C685D7C005A1336 /* ViewController.swift in Sources */,
				F6A119491C685D7C005A1336 /* AppDelegate.swift in Sources */,
			);
			runOnlyForDeploymentPostprocessing = 0;
		};
		F6A119541C685D7D005A1336 /* Sources */ = {
			isa = PBXSourcesBuildPhase;
			buildActionMask = 2147483647;
			files = (
				F6A1195F1C685D7E005A1336 /* TareaTests.swift in Sources */,
			);
			runOnlyForDeploymentPostprocessing = 0;
		};
/* End PBXSourcesBuildPhase section */

/* Begin PBXTargetDependency section */
		F6A1195A1C685D7D005A1336 /* PBXTargetDependency */ = {
			isa = PBXTargetDependency;
			target = F6A119421C685D79005A1336 /* Tarea */;
			targetProxy = F6A119591C685D7D005A1336 /* PBXContainerItemProxy */;
		};
/* End PBXTargetDependency section */

/* Begin PBXVariantGroup section */
		F6A1194C1C685D7D005A1336 /* Main.storyboard */ = {
			isa = PBXVariantGroup;
			children = (
				F6A1194D1C685D7D005A1336 /* Base */,
			);
			name = Main.storyboard;
			sourceTree = "<group>";
		};
		F6A119511C685D7D005A1336 /* LaunchScreen.xib */ = {
			isa = PBXVariantGroup;
			children = (
				F6A119521C685D7D005A1336 /* Base */,
			);
			name = LaunchScreen.xib;
			sourceTree = "<group>";
		};
/* End PBXVariantGroup section */

/* Begin XCBuildConfiguration section */
		F6A119601C685D7E005A1336 /* Debug */ = {
			isa = XCBuildConfiguration;
			buildSettings = {
				ALWAYS_SEARCH_USER_PATHS = NO;
				CLANG_CXX_LANGUAGE_STANDARD = "gnu++0x";
				CLANG_CXX_LIBRARY = "libc++";
				CLANG_ENABLE_MODULES = YES;
				CLANG_ENABLE_OBJC_ARC = YES;
				CLANG_WARN_BOOL_CONVERSION = YES;
				CLANG_WARN_CONSTANT_CONVERSION = YES;
				CLANG_WARN_DIRECT_OBJC_ISA_USAGE = YES_ERROR;
				CLANG_WARN_EMPTY_BODY = YES;
				CLANG_WARN_ENUM_CONVERSION = YES;
				CLANG_WARN_INT_CONVERSION = YES;
				CLANG_WARN_OBJC_ROOT_CLASS = YES_ERROR;
				CLANG_WARN_UNREACHABLE_CODE = YES;
				CLANG_WARN__DUPLICATE_METHOD_MATCH = YES;
				"CODE_SIGN_IDENTITY[sdk=iphoneos*]" = "iPhone Developer";
				COPY_PHASE_STRIP = NO;
				DEBUG_INFORMATION_FORMAT = "dwarf-with-dsym";
				ENABLE_STRICT_OBJC_MSGSEND = YES;
				GCC_C_LANGUAGE_STANDARD = gnu99;
				GCC_DYNAMIC_NO_PIC = NO;
				GCC_NO_COMMON_BLOCKS = YES;
				GCC_OPTIMIZATION_LEVEL = 0;
				GCC_PREPROCESSOR_DEFINITIONS = (
					"DEBUG=1",
					"$(inherited)",
				);
				GCC_SYMBOLS_PRIVATE_EXTERN = NO;
				GCC_WARN_64_TO_32_BIT_CONVERSION = YES;
				GCC_WARN_ABOUT_RETURN_TYPE = YES_ERROR;
				GCC_WARN_UNDECLARED_SELECTOR = YES;
				GCC_WARN_UNINITIALIZED_AUTOS = YES_AGGRESSIVE;
				GCC_WARN_UNUSED_FUNCTION = YES;
				GCC_WARN_UNUSED_VARIABLE = YES;
				IPHONEOS_DEPLOYMENT_TARGET = 8.4;
				MTL_ENABLE_DEBUG_INFO = YES;
				ONLY_ACTIVE_ARCH = YES;
				SDKROOT = iphoneos;
				SWIFT_OPTIMIZATION_LEVEL = "-Onone";
				TARGETED_DEVICE_FAMILY = "1,2";
			};
			name = Debug;
		};
		F6A119611C685D7E005A1336 /* Release */ = {
			isa = XCBuildConfiguration;
			buildSettings = {
				ALWAYS_SEARCH_USER_PATHS = NO;
				CLANG_CXX_LANGUAGE_STANDARD = "gnu++0x";
				CLANG_CXX_LIBRARY = "libc++";
				CLANG_ENABLE_MODULES = YES;
				CLANG_ENABLE_OBJC_ARC = YES;
				CLANG_WARN_BOOL_CONVERSION = YES;
				CLANG_WARN_CONSTANT_CONVERSION = YES;
				CLANG_WARN_DIRECT_OBJC_ISA_USAGE = YES_ERROR;
				CLANG_WARN_EMPTY_BODY = YES;
				CLANG_WARN_ENUM_CONVERSION = YES;
				CLANG_WARN_INT_CONVERSION = YES;
				CLANG_WARN_OBJC_ROOT_CLASS = YES_ERROR;
				CLANG_WARN_UNREACHABLE_CODE = YES;
				CLANG_WARN__DUPLICATE_METHOD_MATCH = YES;
				"CODE_SIGN_IDENTITY[sdk=iphoneos*]" = "iPhone Developer";
				COPY_PHASE_STRIP = NO;
				DEBUG_INFORMATION_FORMAT = "dwarf-with-dsym";
				ENABLE_NS_ASSERTIONS = NO;
				ENABLE_STRICT_OBJC_MSGSEND = YES;
				GCC_C_LANGUAGE_STANDARD = gnu99;
				GCC_NO_COMMON_BLOCKS = YES;
				GCC_WARN_64_TO_32_BIT_CONVERSION = YES;
				GCC_WARN_ABOUT_RETURN_TYPE = YES_ERROR;
				GCC_WARN_UNDECLARED_SELECTOR = YES;
				GCC_WARN_UNINITIALIZED_AUTOS = YES_AGGRESSIVE;
				GCC_WARN_UNUSED_FUNCTION = YES;
				GCC_WARN_UNUSED_VARIABLE = YES;
				IPHONEOS_DEPLOYMENT_TARGET = 8.4;
				MTL_ENABLE_DEBUG_INFO = NO;
				SDKROOT = iphoneos;
				TARGETED_DEVICE_FAMILY = "1,2";
				VALIDATE_PRODUCT = YES;
			};
			name = Release;
		};
		F6A119631C685D7E005A1336 /* Debug */ = {
			isa = XCBuildConfiguration;
			buildSettings = {
				ASSETCATALOG_COMPILER_APPICON_NAME = AppIcon;
				INFOPLIST_FILE = Tarea/Info.plist;
				LD_RUNPATH_SEARCH_PATHS = "$(inherited) @executable_path/Frameworks";
				PRODUCT_NAME = "$(TARGET_NAME)";
			};
			name = Debug;
		};
		F6A119641C685D7E005A1336 /* Release */ = {
			isa = XCBuildConfiguration;
			buildSettings = {
				ASSETCATALOG_COMPILER_APPICON_NAME = AppIcon;
				INFOPLIST_FILE = Tarea/Info.plist;
				LD_RUNPATH_SEARCH_PATHS = "$(inherited) @executable_path/Frameworks";
				PRODUCT_NAME = "$(TARGET_NAME)";
			};
			name = Release;
		};
		F6A119661C685D7E005A1336 /* Debug */ = {
			isa = XCBuildConfiguration;
			buildSettings = {
				BUNDLE_LOADER = "$(TEST_HOST)";
				FRAMEWORK_SEARCH_PATHS = (
					"$(SDKROOT)/Developer/Library/Frameworks",
					"$(inherited)",
				);
				GCC_PREPROCESSOR_DEFINITIONS = (
					"DEBUG=1",
					"$(inherited)",
				);
				INFOPLIST_FILE = TareaTests/Info.plist;
				LD_RUNPATH_SEARCH_PATHS = "$(inherited) @executable_path/Frameworks @loader_path/Frameworks";
				PRODUCT_NAME = "$(TARGET_NAME)";
				TEST_HOST = "$(BUILT_PRODUCTS_DIR)/Tarea.app/Tarea";
			};
			name = Debug;
		};
		F6A119671C685D7E005A1336 /* Release */ = {
			isa = XCBuildConfiguration;
			buildSettings = {
				BUNDLE_LOADER = "$(TEST_HOST)";
				FRAMEWORK_SEARCH_PATHS = (
					"$(SDKROOT)/Developer/Library/Frameworks",
					"$(inherited)",
				);
				INFOPLIST_FILE = TareaTests/Info.plist;
				LD_RUNPATH_SEARCH_PATHS = "$(inherited) @executable_path/Frameworks @loader_path/Frameworks";
				PRODUCT_NAME = "$(TARGET_NAME)";
				TEST_HOST = "$(BUILT_PRODUCTS_DIR)/Tarea.app/Tarea";
			};
			name = Release;
		};
/* End XCBuildConfiguration section */

/* Begin XCConfigurationList section */
		F6A1193E1C685D77005A1336 /* Build configuration list for PBXProject "Tarea" */ = {
			isa = XCConfigurationList;
			buildConfigurations = (
				F6A119601C685D7E005A1336 /* Debug */,
				F6A119611C685D7E005A1336 /* Release */,
			);
			defaultConfigurationIsVisible = 0;
			defaultConfigurationName = Release;
		};
		F6A119621C685D7E005A1336 /* Build configuration list for PBXNativeTarget "Tarea" */ = {
			isa = XCConfigurationList;
			buildConfigurations = (
				F6A119631C685D7E005A1336 /* Debug */,
				F6A119641C685D7E005A1336 /* Release */,
			);
			defaultConfigurationIsVisible = 0;
		};
		F6A119651C685D7E005A1336 /* Build configuration list for PBXNativeTarget "TareaTests" */ = {
			isa = XCConfigurationList;
			buildConfigurations = (
				F6A119661C685D7E005A1336 /* Debug */,
				F6A119671C685D7E005A1336 /* Release */,
			);
			defaultConfigurationIsVisible = 0;
		};
/* End XCConfigurationList section */
	};
	rootObject = F6A1193B1C685D77005A1336 /* Project object */;
}
